
Microsoft Visual Studio Solution File, Format Version 12.00
# Visual Studio Version 16
VisualStudioVersion = 16.0.29102.190
MinimumVisualStudioVersion = 10.0.40219.1
Project("{9A19103F-16F7-4668-BE54-9A1E7A4F7556}") = "CountingValleys", "ConsoleApp1\CountingValleys.csproj", "{EEE8AB03-B7A4-4E0D-B163-13FF3497C3EE}"
EndProject
Project("{FAE04EC0-301F-11D3-BF4B-00C04F79EFBC}") = "JumpingOnTheClouds", "JumpingOnTheClouds\JumpingOnTheClouds.csproj", "{A73DA6E5-CE2A-4ABF-BAE2-1EBA0B4BDF81}"
EndProject
Global
	GlobalSection(SolutionConfigurationPlatforms) = preSolution
		Debug|Any CPU = Debug|Any CPU
		Release|Any CPU = Release|Any CPU
	EndGlobalSection
	GlobalSection(ProjectConfigurationPlatforms) = postSolution
		{EEE8AB03-B7A4-4E0D-B163-13FF3497C3EE}.Debug|Any CPU.ActiveCfg = Debug|Any CPU
		{EEE8AB03-B7A4-4E0D-B163-13FF3497C3EE}.Debug|Any CPU.Build.0 = Debug|Any CPU
		{EEE8AB03-B7A4-4E0D-B163-13FF3497C3EE}.Release|Any CPU.ActiveCfg = Release|Any CPU
		{EEE8AB03-B7A4-4E0D-B163-13FF3497C3EE}.Release|Any CPU.Build.0 = Release|Any CPU
		{A73DA6E5-CE2A-4ABF-BAE2-1EBA0B4BDF81}.Debug|Any CPU.ActiveCfg = Debug|Any CPU
		{A73DA6E5-CE2A-4ABF-BAE2-1EBA0B4BDF81}.Debug|Any CPU.Build.0 = Debug|Any CPU
		{A73DA6E5-CE2A-4ABF-BAE2-1EBA0B4BDF81}.Release|Any CPU.ActiveCfg = Release|Any CPU
		{A73DA6E5-CE2A-4ABF-BAE2-1EBA0B4BDF81}.Release|Any CPU.Build.0 = Release|Any CPU
	EndGlobalSection
	GlobalSection(SolutionProperties) = preSolution
		HideSolutionNode = FALSE
	EndGlobalSection
	GlobalSection(ExtensibilityGlobals) = postSolution
		SolutionGuid = {AC907286-DD4D-4441-845B-5FAC2EC56B7D}
	EndGlobalSection
EndGlobal
